github.com/YamanaShop/hunde v0.0.0-20240530192531-30f2a3c5f504 h1:eYZxEv3pTprX6mxCvgLEBVwflBsDdJeCckxwmbkM6O4=
github.com/YamanaShop/hunde v0.0.0-20240530192531-30f2a3c5f504/go.mod h1:mX0gQHtf313f3ZMmvGlrrOnYI29upeUjEMs87JgYeKE=
github.com/YamanaShop/welpen v0.0.0-20240530192336-af377ad50adf h1:mNXZoPRzHOgdZinCQjrVna9QiQN5/QyE0GNrCNhpC/A=
github.com/YamanaShop/welpen v0.0.0-20240530192336-af377ad50adf/go.mod h1:RKHiMKxo4zXK+4DmuafbpemIYjvpexmX8s9vS5Dnnvk=
